{
  "name": "@deutschesoft/ember-plus",
  "version": "1.0.8",
  "lockfileVersion": 2,
  "requires": true,
  "packages": {
    "": {
      "name": "@deutschesoft/ember-plus",
      "version": "1.0.8",
      "license": "GPL-2.0-only",
      "bin": {
        "printDevice": "bin/printDevice.js"
      }
    }
  }
}
